
Microsoft Visual Studio Solution File, Format Version 12.00
# Visual Studio Version 16
VisualStudioVersion = 16.0.31515.178
MinimumVisualStudioVersion = 10.0.40219.1
Project("{FAE04EC0-301F-11D3-BF4B-00C04F79EFBC}") = "ProductManage", "ProductManage\ProductManage.csproj", "{82DB9989-AEF7-4AFE-9E8D-DA22831FB2F8}"
EndProject
Global
	GlobalSection(SolutionConfigurationPlatforms) = preSolution
		Debug|Any CPU = Debug|Any CPU
		Release|Any CPU = Release|Any CPU
	EndGlobalSection
	GlobalSection(ProjectConfigurationPlatforms) = postSolution
		{82DB9989-AEF7-4AFE-9E8D-DA22831FB2F8}.Debug|Any CPU.ActiveCfg = Debug|Any CPU
		{82DB9989-AEF7-4AFE-9E8D-DA22831FB2F8}.Debug|Any CPU.Build.0 = Debug|Any CPU
		{82DB9989-AEF7-4AFE-9E8D-DA22831FB2F8}.Release|Any CPU.ActiveCfg = Release|Any CPU
		{82DB9989-AEF7-4AFE-9E8D-DA22831FB2F8}.Release|Any CPU.Build.0 = Release|Any CPU
	EndGlobalSection
	GlobalSection(SolutionProperties) = preSolution
		HideSolutionNode = FALSE
	EndGlobalSection
	GlobalSection(ExtensibilityGlobals) = postSolution
		SolutionGuid = {365587EE-6392-4A23-BF9B-F049E8F10B11}
	EndGlobalSection
EndGlobal
